
Microsoft Visual Studio Solution File, Format Version 12.00
# Visual Studio Version 16
VisualStudioVersion = 16.0.30907.101
MinimumVisualStudioVersion = 10.0.40219.1
Project("{FAE04EC0-301F-11D3-BF4B-00C04F79EFBC}") = "CarRentAPI", "CarRentAPI\CarRentAPI.csproj", "{8E00A971-6DBB-4DC0-9A5D-F8095DFAFC36}"
EndProject
Project("{9A19103F-16F7-4668-BE54-9A1E7A4F7556}") = "CarRentAPITests", "CarRentAPITests\CarRentAPITests.csproj", "{6299A614-0139-497F-AEA3-CC7101A858DF}"
EndProject
Project("{FAE04EC0-301F-11D3-BF4B-00C04F79EFBC}") = "CarRentGUI", "CarRentGUI\CarRentGUI.csproj", "{9D07548B-64D7-4596-9B32-58D3082182F0}"
EndProject
Global
	GlobalSection(SolutionConfigurationPlatforms) = preSolution
		Debug|Any CPU = Debug|Any CPU
		Release|Any CPU = Release|Any CPU
	EndGlobalSection
	GlobalSection(ProjectConfigurationPlatforms) = postSolution
		{8E00A971-6DBB-4DC0-9A5D-F8095DFAFC36}.Debug|Any CPU.ActiveCfg = Debug|Any CPU
		{8E00A971-6DBB-4DC0-9A5D-F8095DFAFC36}.Debug|Any CPU.Build.0 = Debug|Any CPU
		{8E00A971-6DBB-4DC0-9A5D-F8095DFAFC36}.Release|Any CPU.ActiveCfg = Release|Any CPU
		{8E00A971-6DBB-4DC0-9A5D-F8095DFAFC36}.Release|Any CPU.Build.0 = Release|Any CPU
		{6299A614-0139-497F-AEA3-CC7101A858DF}.Debug|Any CPU.ActiveCfg = Debug|Any CPU
		{6299A614-0139-497F-AEA3-CC7101A858DF}.Debug|Any CPU.Build.0 = Debug|Any CPU
		{6299A614-0139-497F-AEA3-CC7101A858DF}.Release|Any CPU.ActiveCfg = Release|Any CPU
		{6299A614-0139-497F-AEA3-CC7101A858DF}.Release|Any CPU.Build.0 = Release|Any CPU
		{9D07548B-64D7-4596-9B32-58D3082182F0}.Debug|Any CPU.ActiveCfg = Debug|Any CPU
		{9D07548B-64D7-4596-9B32-58D3082182F0}.Debug|Any CPU.Build.0 = Debug|Any CPU
		{9D07548B-64D7-4596-9B32-58D3082182F0}.Release|Any CPU.ActiveCfg = Release|Any CPU
		{9D07548B-64D7-4596-9B32-58D3082182F0}.Release|Any CPU.Build.0 = Release|Any CPU
	EndGlobalSection
	GlobalSection(SolutionProperties) = preSolution
		HideSolutionNode = FALSE
	EndGlobalSection
	GlobalSection(ExtensibilityGlobals) = postSolution
		SolutionGuid = {342AA5AE-68AE-49AF-88E8-E3C197973E01}
	EndGlobalSection
EndGlobal
